// !$*UTF8*$!
{
	archiveVersion = 1;
	classes = {
	};
	objectVersion = 46;
	objects = {

/* Begin PBXBuildFile section */
		3553A82F6013FF4F015C2E4D /* Pods_CocoapodsFrameworkBug.framework in Frameworks */ = {isa = PBXBuildFile; fileRef = 766D39155438B8105F06464E /* Pods_CocoapodsFrameworkBug.framework */; };
		47C829901D4B9F97000583D6 /* File.swift in Sources */ = {isa = PBXBuildFile; fileRef = 47C8298F1D4B9F97000583D6 /* File.swift */; };
		47E5D0491D4B9DDB009D3180 /* AppDelegate.swift in Sources */ = {isa = PBXBuildFile; fileRef = 47E5D0481D4B9DDB009D3180 /* AppDelegate.swift */; };
		47E5D04B1D4B9DDB009D3180 /* ViewController.swift in Sources */ = {isa = PBXBuildFile; fileRef = 47E5D04A1D4B9DDB009D3180 /* ViewController.swift */; };
		47E5D04E1D4B9DDB009D3180 /* Main.storyboard in Resources */ = {isa = PBXBuildFile; fileRef = 47E5D04C1D4B9DDB009D3180 /* Main.storyboard */; };
		47E5D0501D4B9DDB009D3180 /* Assets.xcassets in Resources */ = {isa = PBXBuildFile; fileRef = 47E5D04F1D4B9DDB009D3180 /* Assets.xcassets */; };
		47E5D0531D4B9DDB009D3180 /* LaunchScreen.storyboard in Resources */ = {isa = PBXBuildFile; fileRef = 47E5D0511D4B9DDB009D3180 /* LaunchScreen.storyboard */; };
		47E5D0621D4B9E56009D3180 /* F1.h in Headers */ = {isa = PBXBuildFile; fileRef = 47E5D0611D4B9E56009D3180 /* F1.h */; settings = {ATTRIBUTES = (Public, ); }; };
		47E5D0661D4B9E56009D3180 /* F1.framework in Frameworks */ = {isa = PBXBuildFile; fileRef = 47E5D05F1D4B9E56009D3180 /* F1.framework */; };
		47E5D0671D4B9E56009D3180 /* F1.framework in Embed Frameworks */ = {isa = PBXBuildFile; fileRef = 47E5D05F1D4B9E56009D3180 /* F1.framework */; settings = {ATTRIBUTES = (CodeSignOnCopy, RemoveHeadersOnCopy, ); }; };
/* End PBXBuildFile section */

/* Begin PBXContainerItemProxy section */
		47E5D0641D4B9E56009D3180 /* PBXContainerItemProxy */ = {
			isa = PBXContainerItemProxy;
			containerPortal = 47E5D03D1D4B9DDA009D3180 /* Project object */;
			proxyType = 1;
			remoteGlobalIDString = 47E5D05E1D4B9E56009D3180;
			remoteInfo = F1;
		};
/* End PBXContainerItemProxy section */

/* Begin PBXCopyFilesBuildPhase section */
		47E5D06B1D4B9E56009D3180 /* Embed Frameworks */ = {
			isa = PBXCopyFilesBuildPhase;
			buildActionMask = 2147483647;
			dstPath = "";
			dstSubfolderSpec = 10;
			files = (
				47E5D0671D4B9E56009D3180 /* F1.framework in Embed Frameworks */,
			);
			name = "Embed Frameworks";
			runOnlyForDeploymentPostprocessing = 0;
		};
/* End PBXCopyFilesBuildPhase section */

/* Begin PBXFileReference section */
		3251C1BD2EEE50AB8CF6923E /* Pods-CocoapodsFrameworkBug.release.xcconfig */ = {isa = PBXFileReference; includeInIndex = 1; lastKnownFileType = text.xcconfig; name = "Pods-CocoapodsFrameworkBug.release.xcconfig"; path = "Pods/Target Support Files/Pods-CocoapodsFrameworkBug/Pods-CocoapodsFrameworkBug.release.xcconfig"; sourceTree = "<group>"; };
		47C8298F1D4B9F97000583D6 /* File.swift */ = {isa = PBXFileReference; fileEncoding = 4; lastKnownFileType = sourcecode.swift; path = File.swift; sourceTree = "<group>"; };
		47E5D0451D4B9DDA009D3180 /* CocoapodsFrameworkBug.app */ = {isa = PBXFileReference; explicitFileType = wrapper.application; includeInIndex = 0; path = CocoapodsFrameworkBug.app; sourceTree = BUILT_PRODUCTS_DIR; };
		47E5D0481D4B9DDB009D3180 /* AppDelegate.swift */ = {isa = PBXFileReference; lastKnownFileType = sourcecode.swift; path = AppDelegate.swift; sourceTree = "<group>"; };
		47E5D04A1D4B9DDB009D3180 /* ViewController.swift */ = {isa = PBXFileReference; lastKnownFileType = sourcecode.swift; path = ViewController.swift; sourceTree = "<group>"; };
		47E5D04D1D4B9DDB009D3180 /* Base */ = {isa = PBXFileReference; lastKnownFileType = file.storyboard; name = Base; path = Base.lproj/Main.storyboard; sourceTree = "<group>"; };
		47E5D04F1D4B9DDB009D3180 /* Assets.xcassets */ = {isa = PBXFileReference; lastKnownFileType = folder.assetcatalog; path = Assets.xcassets; sourceTree = "<group>"; };
		47E5D0521D4B9DDB009D3180 /* Base */ = {isa = PBXFileReference; lastKnownFileType = file.storyboard; name = Base; path = Base.lproj/LaunchScreen.storyboard; sourceTree = "<group>"; };
		47E5D0541D4B9DDB009D3180 /* Info.plist */ = {isa = PBXFileReference; lastKnownFileType = text.plist.xml; path = Info.plist; sourceTree = "<group>"; };
		47E5D05F1D4B9E56009D3180 /* F1.framework */ = {isa = PBXFileReference; explicitFileType = wrapper.framework; includeInIndex = 0; path = F1.framework; sourceTree = BUILT_PRODUCTS_DIR; };
		47E5D0611D4B9E56009D3180 /* F1.h */ = {isa = PBXFileReference; lastKnownFileType = sourcecode.c.h; path = F1.h; sourceTree = "<group>"; };
		47E5D0631D4B9E56009D3180 /* Info.plist */ = {isa = PBXFileReference; lastKnownFileType = text.plist.xml; path = Info.plist; sourceTree = "<group>"; };
		766D39155438B8105F06464E /* Pods_CocoapodsFrameworkBug.framework */ = {isa = PBXFileReference; explicitFileType = wrapper.framework; includeInIndex = 0; path = Pods_CocoapodsFrameworkBug.framework; sourceTree = BUILT_PRODUCTS_DIR; };
		8C60EBB62E38EE3D989FCF53 /* Pods_CocoapodsFrameworkBug_F1.framework */ = {isa = PBXFileReference; explicitFileType = wrapper.framework; includeInIndex = 0; path = Pods_CocoapodsFrameworkBug_F1.framework; sourceTree = BUILT_PRODUCTS_DIR; };
		F46C6AD3E366DE290F5596BE /* Pods-CocoapodsFrameworkBug.debug.xcconfig */ = {isa = PBXFileReference; includeInIndex = 1; lastKnownFileType = text.xcconfig; name = "Pods-CocoapodsFrameworkBug.debug.xcconfig"; path = "Pods/Target Support Files/Pods-CocoapodsFrameworkBug/Pods-CocoapodsFrameworkBug.debug.xcconfig"; sourceTree = "<group>"; };
/* End PBXFileReference section */

/* Begin PBXFrameworksBuildPhase section */
		47E5D0421D4B9DDA009D3180 /* Frameworks */ = {
			isa = PBXFrameworksBuildPhase;
			buildActionMask = 2147483647;
			files = (
				3553A82F6013FF4F015C2E4D /* Pods_CocoapodsFrameworkBug.framework in Frameworks */,
				47E5D0661D4B9E56009D3180 /* F1.framework in Frameworks */,
			);
			runOnlyForDeploymentPostprocessing = 0;
		};
		47E5D05B1D4B9E56009D3180 /* Frameworks */ = {
			isa = PBXFrameworksBuildPhase;
			buildActionMask = 2147483647;
			files = (
			);
			runOnlyForDeploymentPostprocessing = 0;
		};
/* End PBXFrameworksBuildPhase section */

/* Begin PBXGroup section */
		20660AA860FFAF43E7CF0DB4 /* Pods */ = {
			isa = PBXGroup;
			children = (
				F46C6AD3E366DE290F5596BE /* Pods-CocoapodsFrameworkBug.debug.xcconfig */,
				3251C1BD2EEE50AB8CF6923E /* Pods-CocoapodsFrameworkBug.release.xcconfig */,
			);
			name = Pods;
			sourceTree = "<group>";
		};
		47E5D03C1D4B9DDA009D3180 = {
			isa = PBXGroup;
			children = (
				47E5D0471D4B9DDB009D3180 /* CocoapodsFrameworkBug */,
				47E5D0601D4B9E56009D3180 /* F1 */,
				47E5D0461D4B9DDA009D3180 /* Products */,
				20660AA860FFAF43E7CF0DB4 /* Pods */,
				4F76929ED4D04CE8F65BD38B /* Frameworks */,
			);
			sourceTree = "<group>";
		};
		47E5D0461D4B9DDA009D3180 /* Products */ = {
			isa = PBXGroup;
			children = (
				47E5D0451D4B9DDA009D3180 /* CocoapodsFrameworkBug.app */,
				47E5D05F1D4B9E56009D3180 /* F1.framework */,
			);
			name = Products;
			sourceTree = "<group>";
		};
		47E5D0471D4B9DDB009D3180 /* CocoapodsFrameworkBug */ = {
			isa = PBXGroup;
			children = (
				47E5D0481D4B9DDB009D3180 /* AppDelegate.swift */,
				47E5D04A1D4B9DDB009D3180 /* ViewController.swift */,
				47E5D04C1D4B9DDB009D3180 /* Main.storyboard */,
				47E5D04F1D4B9DDB009D3180 /* Assets.xcassets */,
				47E5D0511D4B9DDB009D3180 /* LaunchScreen.storyboard */,
				47E5D0541D4B9DDB009D3180 /* Info.plist */,
			);
			path = CocoapodsFrameworkBug;
			sourceTree = "<group>";
		};
		47E5D0601D4B9E56009D3180 /* F1 */ = {
			isa = PBXGroup;
			children = (
				47E5D0611D4B9E56009D3180 /* F1.h */,
				47C8298F1D4B9F97000583D6 /* File.swift */,
				47E5D0631D4B9E56009D3180 /* Info.plist */,
			);
			path = F1;
			sourceTree = "<group>";
		};
		4F76929ED4D04CE8F65BD38B /* Frameworks */ = {
			isa = PBXGroup;
			children = (
				766D39155438B8105F06464E /* Pods_CocoapodsFrameworkBug.framework */,
				8C60EBB62E38EE3D989FCF53 /* Pods_CocoapodsFrameworkBug_F1.framework */,
			);
			name = Frameworks;
			sourceTree = "<group>";
		};
/* End PBXGroup section */

/* Begin PBXHeadersBuildPhase section */
		47E5D05C1D4B9E56009D3180 /* Headers */ = {
			isa = PBXHeadersBuildPhase;
			buildActionMask = 2147483647;
			files = (
				47E5D0621D4B9E56009D3180 /* F1.h in Headers */,
			);
			runOnlyForDeploymentPostprocessing = 0;
		};
/* End PBXHeadersBuildPhase section */

/* Begin PBXNativeTarget section */
		47E5D0441D4B9DDA009D3180 /* CocoapodsFrameworkBug */ = {
			isa = PBXNativeTarget;
			buildConfigurationList = 47E5D0571D4B9DDB009D3180 /* Build configuration list for PBXNativeTarget "CocoapodsFrameworkBug" */;
			buildPhases = (
				43097CF0E601C7DACA616F33 /* [CP] Check Pods Manifest.lock */,
				47E5D0411D4B9DDA009D3180 /* Sources */,
				47E5D0421D4B9DDA009D3180 /* Frameworks */,
				47E5D0431D4B9DDA009D3180 /* Resources */,
				F38068935B8207D21F948D9C /* [CP] Embed Pods Frameworks */,
				28171B07B5FFDBCB9A4DC396 /* [CP] Copy Pods Resources */,
				47E5D06B1D4B9E56009D3180 /* Embed Frameworks */,
			);
			buildRules = (
			);
			dependencies = (
				47E5D0651D4B9E56009D3180 /* PBXTargetDependency */,
			);
			name = CocoapodsFrameworkBug;
			productName = CocoapodsFrameworkBug;
			productReference = 47E5D0451D4B9DDA009D3180 /* CocoapodsFrameworkBug.app */;
			productType = "com.apple.product-type.application";
		};
		47E5D05E1D4B9E56009D3180 /* F1 */ = {
			isa = PBXNativeTarget;
			buildConfigurationList = 47E5D06A1D4B9E56009D3180 /* Build configuration list for PBXNativeTarget "F1" */;
			buildPhases = (
				B659ECF08A7BE92277358A76 /* [CP] Check Pods Manifest.lock */,
				47E5D05A1D4B9E56009D3180 /* Sources */,
				47E5D05B1D4B9E56009D3180 /* Frameworks */,
				47E5D05C1D4B9E56009D3180 /* Headers */,
				47E5D05D1D4B9E56009D3180 /* Resources */,
				BE897C5E0E1BE5D3E518076A /* [CP] Copy Pods Resources */,
			);
			buildRules = (
			);
			dependencies = (
			);
			name = F1;
			productName = F1;
			productReference = 47E5D05F1D4B9E56009D3180 /* F1.framework */;
			productType = "com.apple.product-type.framework";
		};
/* End PBXNativeTarget section */

/* Begin PBXProject section */
		47E5D03D1D4B9DDA009D3180 /* Project object */ = {
			isa = PBXProject;
			attributes = {
				LastSwiftUpdateCheck = 0730;
				LastUpgradeCheck = 0730;
				ORGANIZATIONNAME = Hopscotch;
				TargetAttributes = {
					47E5D0441D4B9DDA009D3180 = {
						CreatedOnToolsVersion = 7.3.1;
					};
					47E5D05E1D4B9E56009D3180 = {
						CreatedOnToolsVersion = 7.3.1;
					};
				};
			};
			buildConfigurationList = 47E5D0401D4B9DDA009D3180 /* Build configuration list for PBXProject "CocoapodsFrameworkBug" */;
			compatibilityVersion = "Xcode 3.2";
			developmentRegion = English;
			hasScannedForEncodings = 0;
			knownRegions = (
				en,
				Base,
			);
			mainGroup = 47E5D03C1D4B9DDA009D3180;
			productRefGroup = 47E5D0461D4B9DDA009D3180 /* Products */;
			projectDirPath = "";
			projectRoot = "";
			targets = (
				47E5D0441D4B9DDA009D3180 /* CocoapodsFrameworkBug */,
				47E5D05E1D4B9E56009D3180 /* F1 */,
			);
		};
/* End PBXProject section */

/* Begin PBXResourcesBuildPhase section */
		47E5D0431D4B9DDA009D3180 /* Resources */ = {
			isa = PBXResourcesBuildPhase;
			buildActionMask = 2147483647;
			files = (
				47E5D0531D4B9DDB009D3180 /* LaunchScreen.storyboard in Resources */,
				47E5D0501D4B9DDB009D3180 /* Assets.xcassets in Resources */,
				47E5D04E1D4B9DDB009D3180 /* Main.storyboard in Resources */,
			);
			runOnlyForDeploymentPostprocessing = 0;
		};
		47E5D05D1D4B9E56009D3180 /* Resources */ = {
			isa = PBXResourcesBuildPhase;
			buildActionMask = 2147483647;
			files = (
			);
			runOnlyForDeploymentPostprocessing = 0;
		};
/* End PBXResourcesBuildPhase section */

/* Begin PBXShellScriptBuildPhase section */
		28171B07B5FFDBCB9A4DC396 /* [CP] Copy Pods Resources */ = {
			isa = PBXShellScriptBuildPhase;
			buildActionMask = 2147483647;
			files = (
			);
			inputPaths = (
			);
			name = "[CP] Copy Pods Resources";
			outputPaths = (
			);
			runOnlyForDeploymentPostprocessing = 0;
			shellPath = /bin/sh;
			shellScript = "\"${SRCROOT}/Pods/Target Support Files/Pods-CocoapodsFrameworkBug/Pods-CocoapodsFrameworkBug-resources.sh\"\n";
			showEnvVarsInLog = 0;
		};
		43097CF0E601C7DACA616F33 /* [CP] Check Pods Manifest.lock */ = {
			isa = PBXShellScriptBuildPhase;
			buildActionMask = 2147483647;
			files = (
			);
			inputPaths = (
			);
			name = "[CP] Check Pods Manifest.lock";
			outputPaths = (
			);
			runOnlyForDeploymentPostprocessing = 0;
			shellPath = /bin/sh;
			shellScript = "diff \"${PODS_ROOT}/../Podfile.lock\" \"${PODS_ROOT}/Manifest.lock\" > /dev/null\nif [[ $? != 0 ]] ; then\n    cat << EOM\nerror: The sandbox is not in sync with the Podfile.lock. Run 'pod install' or update your CocoaPods installation.\nEOM\n    exit 1\nfi\n";
			showEnvVarsInLog = 0;
		};
		B659ECF08A7BE92277358A76 /* [CP] Check Pods Manifest.lock */ = {
			isa = PBXShellScriptBuildPhase;
			buildActionMask = 2147483647;
			files = (
			);
			inputPaths = (
			);
			name = "[CP] Check Pods Manifest.lock";
			outputPaths = (
			);
			runOnlyForDeploymentPostprocessing = 0;
			shellPath = /bin/sh;
			shellScript = "diff \"${PODS_ROOT}/../Podfile.lock\" \"${PODS_ROOT}/Manifest.lock\" > /dev/null\nif [[ $? != 0 ]] ; then\n    cat << EOM\nerror: The sandbox is not in sync with the Podfile.lock. Run 'pod install' or update your CocoaPods installation.\nEOM\n    exit 1\nfi\n";
			showEnvVarsInLog = 0;
		};
		BE897C5E0E1BE5D3E518076A /* [CP] Copy Pods Resources */ = {
			isa = PBXShellScriptBuildPhase;
			buildActionMask = 2147483647;
			files = (
			);
			inputPaths = (
			);
			name = "[CP] Copy Pods Resources";
			outputPaths = (
			);
			runOnlyForDeploymentPostprocessing = 0;
			shellPath = /bin/sh;
			shellScript = "\"${SRCROOT}/Pods/Target Support Files/Pods-CocoapodsFrameworkBug-F1/Pods-CocoapodsFrameworkBug-F1-resources.sh\"\n";
			showEnvVarsInLog = 0;
		};
		F38068935B8207D21F948D9C /* [CP] Embed Pods Frameworks */ = {
			isa = PBXShellScriptBuildPhase;
			buildActionMask = 2147483647;
			files = (
			);
			inputPaths = (
			);
			name = "[CP] Embed Pods Frameworks";
			outputPaths = (
			);
			runOnlyForDeploymentPostprocessing = 0;
			shellPath = /bin/sh;
			shellScript = "\"${SRCROOT}/Pods/Target Support Files/Pods-CocoapodsFrameworkBug/Pods-CocoapodsFrameworkBug-frameworks.sh\"\n";
			showEnvVarsInLog = 0;
		};
/* End PBXShellScriptBuildPhase section */

/* Begin PBXSourcesBuildPhase section */
		47E5D0411D4B9DDA009D3180 /* Sources */ = {
			isa = PBXSourcesBuildPhase;
			buildActionMask = 2147483647;
			files = (
				47E5D04B1D4B9DDB009D3180 /* ViewController.swift in Sources */,
				47E5D0491D4B9DDB009D3180 /* AppDelegate.swift in Sources */,
			);
			runOnlyForDeploymentPostprocessing = 0;
		};
		47E5D05A1D4B9E56009D3180 /* Sources */ = {
			isa = PBXSourcesBuildPhase;
			buildActionMask = 2147483647;
			files = (
				47C829901D4B9F97000583D6 /* File.swift in Sources */,
			);
			runOnlyForDeploymentPostprocessing = 0;
		};
/* End PBXSourcesBuildPhase section */

/* Begin PBXTargetDependency section */
		47E5D0651D4B9E56009D3180 /* PBXTargetDependency */ = {
			isa = PBXTargetDependency;
			target = 47E5D05E1D4B9E56009D3180 /* F1 */;
			targetProxy = 47E5D0641D4B9E56009D3180 /* PBXContainerItemProxy */;
		};
/* End PBXTargetDependency section */

/* Begin PBXVariantGroup section */
		47E5D04C1D4B9DDB009D3180 /* Main.storyboard */ = {
			isa = PBXVariantGroup;
			children = (
				47E5D04D1D4B9DDB009D3180 /* Base */,
			);
			name = Main.storyboard;
			sourceTree = "<group>";
		};
		47E5D0511D4B9DDB009D3180 /* LaunchScreen.storyboard */ = {
			isa = PBXVariantGroup;
			children = (
				47E5D0521D4B9DDB009D3180 /* Base */,
			);
			name = LaunchScreen.storyboard;
			sourceTree = "<group>";
		};
/* End PBXVariantGroup section */

/* Begin XCBuildConfiguration section */
		47E5D0551D4B9DDB009D3180 /* Debug */ = {
			isa = XCBuildConfiguration;
			buildSettings = {
				ALWAYS_SEARCH_USER_PATHS = NO;
				CLANG_ANALYZER_NONNULL = YES;
				CLANG_CXX_LANGUAGE_STANDARD = "gnu++0x";
				CLANG_CXX_LIBRARY = "libc++";
				CLANG_ENABLE_MODULES = YES;
				CLANG_ENABLE_OBJC_ARC = YES;
				CLANG_WARN_BOOL_CONVERSION = YES;
				CLANG_WARN_CONSTANT_CONVERSION = YES;
				CLANG_WARN_DIRECT_OBJC_ISA_USAGE = YES_ERROR;
				CLANG_WARN_EMPTY_BODY = YES;
				CLANG_WARN_ENUM_CONVERSION = YES;
				CLANG_WARN_INT_CONVERSION = YES;
				CLANG_WARN_OBJC_ROOT_CLASS = YES_ERROR;
				CLANG_WARN_UNREACHABLE_CODE = YES;
				CLANG_WARN__DUPLICATE_METHOD_MATCH = YES;
				"CODE_SIGN_IDENTITY[sdk=iphoneos*]" = "iPhone Developer";
				COPY_PHASE_STRIP = NO;
				DEBUG_INFORMATION_FORMAT = dwarf;
				ENABLE_STRICT_OBJC_MSGSEND = YES;
				ENABLE_TESTABILITY = YES;
				GCC_C_LANGUAGE_STANDARD = gnu99;
				GCC_DYNAMIC_NO_PIC = NO;
				GCC_NO_COMMON_BLOCKS = YES;
				GCC_OPTIMIZATION_LEVEL = 0;
				GCC_PREPROCESSOR_DEFINITIONS = (
					"DEBUG=1",
					"$(inherited)",
				);
				GCC_WARN_64_TO_32_BIT_CONVERSION = YES;
				GCC_WARN_ABOUT_RETURN_TYPE = YES_ERROR;
				GCC_WARN_UNDECLARED_SELECTOR = YES;
				GCC_WARN_UNINITIALIZED_AUTOS = YES_AGGRESSIVE;
				GCC_WARN_UNUSED_FUNCTION = YES;
				GCC_WARN_UNUSED_VARIABLE = YES;
				IPHONEOS_DEPLOYMENT_TARGET = 9.3;
				MTL_ENABLE_DEBUG_INFO = YES;
				ONLY_ACTIVE_ARCH = YES;
				SDKROOT = iphoneos;
				SWIFT_OPTIMIZATION_LEVEL = "-Onone";
			};
			name = Debug;
		};
		47E5D0561D4B9DDB009D3180 /* Release */ = {
			isa = XCBuildConfiguration;
			buildSettings = {
				ALWAYS_SEARCH_USER_PATHS = NO;
				CLANG_ANALYZER_NONNULL = YES;
				CLANG_CXX_LANGUAGE_STANDARD = "gnu++0x";
				CLANG_CXX_LIBRARY = "libc++";
				CLANG_ENABLE_MODULES = YES;
				CLANG_ENABLE_OBJC_ARC = YES;
				CLANG_WARN_BOOL_CONVERSION = YES;
				CLANG_WARN_CONSTANT_CONVERSION = YES;
				CLANG_WARN_DIRECT_OBJC_ISA_USAGE = YES_ERROR;
				CLANG_WARN_EMPTY_BODY = YES;
				CLANG_WARN_ENUM_CONVERSION = YES;
				CLANG_WARN_INT_CONVERSION = YES;
				CLANG_WARN_OBJC_ROOT_CLASS = YES_ERROR;
				CLANG_WARN_UNREACHABLE_CODE = YES;
				CLANG_WARN__DUPLICATE_METHOD_MATCH = YES;
				"CODE_SIGN_IDENTITY[sdk=iphoneos*]" = "iPhone Developer";
				COPY_PHASE_STRIP = NO;
				DEBUG_INFORMATION_FORMAT = "dwarf-with-dsym";
				ENABLE_NS_ASSERTIONS = NO;
				ENABLE_STRICT_OBJC_MSGSEND = YES;
				GCC_C_LANGUAGE_STANDARD = gnu99;
				GCC_NO_COMMON_BLOCKS = YES;
				GCC_WARN_64_TO_32_BIT_CONVERSION = YES;
				GCC_WARN_ABOUT_RETURN_TYPE = YES_ERROR;
				GCC_WARN_UNDECLARED_SELECTOR = YES;
				GCC_WARN_UNINITIALIZED_AUTOS = YES_AGGRESSIVE;
				GCC_WARN_UNUSED_FUNCTION = YES;
				GCC_WARN_UNUSED_VARIABLE = YES;
				IPHONEOS_DEPLOYMENT_TARGET = 9.3;
				MTL_ENABLE_DEBUG_INFO = NO;
				SDKROOT = iphoneos;
				VALIDATE_PRODUCT = YES;
			};
			name = Release;
		};
		47E5D0581D4B9DDB009D3180 /* Debug */ = {
			isa = XCBuildConfiguration;
			baseConfigurationReference = F46C6AD3E366DE290F5596BE /* Pods-CocoapodsFrameworkBug.debug.xcconfig */;
			buildSettings = {
				ASSETCATALOG_COMPILER_APPICON_NAME = AppIcon;
				EMBEDDED_CONTENT_CONTAINS_SWIFT = YES;
				INFOPLIST_FILE = CocoapodsFrameworkBug/Info.plist;
				LD_RUNPATH_SEARCH_PATHS = "$(inherited) @executable_path/Frameworks";
				PRODUCT_BUNDLE_IDENTIFIER = com.hopscotch.CocoapodsFrameworkBug;
				PRODUCT_NAME = "$(TARGET_NAME)";
			};
			name = Debug;
		};
		47E5D0591D4B9DDB009D3180 /* Release */ = {
			isa = XCBuildConfiguration;
			baseConfigurationReference = 3251C1BD2EEE50AB8CF6923E /* Pods-CocoapodsFrameworkBug.release.xcconfig */;
			buildSettings = {
				ASSETCATALOG_COMPILER_APPICON_NAME = AppIcon;
				EMBEDDED_CONTENT_CONTAINS_SWIFT = YES;
				INFOPLIST_FILE = CocoapodsFrameworkBug/Info.plist;
				LD_RUNPATH_SEARCH_PATHS = "$(inherited) @executable_path/Frameworks";
				PRODUCT_BUNDLE_IDENTIFIER = com.hopscotch.CocoapodsFrameworkBug;
				PRODUCT_NAME = "$(TARGET_NAME)";
			};
			name = Release;
		};
		47E5D0681D4B9E56009D3180 /* Debug */ = {
			isa = XCBuildConfiguration;
			buildSettings = {
				CLANG_ENABLE_MODULES = YES;
				CURRENT_PROJECT_VERSION = 1;
				DEFINES_MODULE = YES;
				DYLIB_COMPATIBILITY_VERSION = 1;
				DYLIB_CURRENT_VERSION = 1;
				DYLIB_INSTALL_NAME_BASE = "@rpath";
				INFOPLIST_FILE = F1/Info.plist;
				INSTALL_PATH = "$(LOCAL_LIBRARY_DIR)/Frameworks";
				LD_RUNPATH_SEARCH_PATHS = "$(inherited) @executable_path/Frameworks @loader_path/Frameworks";
				PRODUCT_BUNDLE_IDENTIFIER = com.hopscotch.F1;
				PRODUCT_NAME = "$(TARGET_NAME)";
				SKIP_INSTALL = YES;
				SWIFT_OPTIMIZATION_LEVEL = "-Onone";
				TARGETED_DEVICE_FAMILY = "1,2";
				VERSIONING_SYSTEM = "apple-generic";
				VERSION_INFO_PREFIX = "";
			};
			name = Debug;
		};
		47E5D0691D4B9E56009D3180 /* Release */ = {
			isa = XCBuildConfiguration;
			buildSettings = {
				CLANG_ENABLE_MODULES = YES;
				CURRENT_PROJECT_VERSION = 1;
				DEFINES_MODULE = YES;
				DYLIB_COMPATIBILITY_VERSION = 1;
				DYLIB_CURRENT_VERSION = 1;
				DYLIB_INSTALL_NAME_BASE = "@rpath";
				INFOPLIST_FILE = F1/Info.plist;
				INSTALL_PATH = "$(LOCAL_LIBRARY_DIR)/Frameworks";
				LD_RUNPATH_SEARCH_PATHS = "$(inherited) @executable_path/Frameworks @loader_path/Frameworks";
				PRODUCT_BUNDLE_IDENTIFIER = com.hopscotch.F1;
				PRODUCT_NAME = "$(TARGET_NAME)";
				SKIP_INSTALL = YES;
				TARGETED_DEVICE_FAMILY = "1,2";
				VERSIONING_SYSTEM = "apple-generic";
				VERSION_INFO_PREFIX = "";
			};
			name = Release;
		};
/* End XCBuildConfiguration section */

/* Begin XCConfigurationList section */
		47E5D0401D4B9DDA009D3180 /* Build configuration list for PBXProject "CocoapodsFrameworkBug" */ = {
			isa = XCConfigurationList;
			buildConfigurations = (
				47E5D0551D4B9DDB009D3180 /* Debug */,
				47E5D0561D4B9DDB009D3180 /* Release */,
			);
			defaultConfigurationIsVisible = 0;
			defaultConfigurationName = Release;
		};
		47E5D0571D4B9DDB009D3180 /* Build configuration list for PBXNativeTarget "CocoapodsFrameworkBug" */ = {
			isa = XCConfigurationList;
			buildConfigurations = (
				47E5D0581D4B9DDB009D3180 /* Debug */,
				47E5D0591D4B9DDB009D3180 /* Release */,
			);
			defaultConfigurationIsVisible = 0;
			defaultConfigurationName = Release;
		};
		47E5D06A1D4B9E56009D3180 /* Build configuration list for PBXNativeTarget "F1" */ = {
			isa = XCConfigurationList;
			buildConfigurations = (
				47E5D0681D4B9E56009D3180 /* Debug */,
				47E5D0691D4B9E56009D3180 /* Release */,
			);
			defaultConfigurationIsVisible = 0;
			defaultConfigurationName = Release;
		};
/* End XCConfigurationList section */
	};
	rootObject = 47E5D03D1D4B9DDA009D3180 /* Project object */;
}
